
Microsoft Visual Studio Solution File, Format Version 12.00
# Visual Studio 15
VisualStudioVersion = 15.0.27703.2000
MinimumVisualStudioVersion = 10.0.40219.1
Project("{8BC9CEB8-8B4A-11D0-8D11-00A0C91BC942}") = "GameFramework", "GameFramework\GameFramework.vcxproj", "{AD588050-7D67-48DC-A5CF-32945CB6F4AF}"
EndProject
Global
	GlobalSection(SolutionConfigurationPlatforms) = preSolution
		Debug|x64 = Debug|x64
		Debug|x86 = Debug|x86
		Release|x64 = Release|x64
		Release|x86 = Release|x86
	EndGlobalSection
	GlobalSection(ProjectConfigurationPlatforms) = postSolution
		{AD588050-7D67-48DC-A5CF-32945CB6F4AF}.Debug|x64.ActiveCfg = Debug|x64
		{AD588050-7D67-48DC-A5CF-32945CB6F4AF}.Debug|x64.Build.0 = Debug|x64
		{AD588050-7D67-48DC-A5CF-32945CB6F4AF}.Debug|x86.ActiveCfg = Debug|Win32
		{AD588050-7D67-48DC-A5CF-32945CB6F4AF}.Debug|x86.Build.0 = Debug|Win32
		{AD588050-7D67-48DC-A5CF-32945CB6F4AF}.Release|x64.ActiveCfg = Release|x64
		{AD588050-7D67-48DC-A5CF-32945CB6F4AF}.Release|x64.Build.0 = Release|x64
		{AD588050-7D67-48DC-A5CF-32945CB6F4AF}.Release|x86.ActiveCfg = Release|Win32
		{AD588050-7D67-48DC-A5CF-32945CB6F4AF}.Release|x86.Build.0 = Release|Win32
	EndGlobalSection
	GlobalSection(SolutionProperties) = preSolution
		HideSolutionNode = FALSE
	EndGlobalSection
	GlobalSection(ExtensibilityGlobals) = postSolution
		SolutionGuid = {34DDE899-3DD5-400C-ADAA-A04C5924C4B8}
	EndGlobalSection
EndGlobal
